<?xml version="1.0" encoding="utf-8"?>
<Project ToolsVersion="4.0" xmlns="http://schemas.microsoft.com/developer/msbuild/2003">
  <ItemGroup>
    <Filter Include="Events">
      <UniqueIdentifier>{3A8963B1-262B-8E87-0FE6-A1DBFB2615D8}</UniqueIdentifier>
    </Filter>
    <Filter Include="Lune">
      <UniqueIdentifier>{99BC887C-85F3-890D-2EE0-6F101AF6050F}</UniqueIdentifier>
    </Filter>
  </ItemGroup>
  <ItemGroup>
    <ClInclude Include="src\Events\ApplicationEvent.h">
      <Filter>Events</Filter>
    </ClInclude>
    <ClInclude Include="src\Events\Event.h">
      <Filter>Events</Filter>
    </ClInclude>
    <ClInclude Include="src\Events\KeyEvent.h">
      <Filter>Events</Filter>
    </ClInclude>
    <ClInclude Include="src\Events\MouseEvent.h">
      <Filter>Events</Filter>
    </ClInclude>
    <ClInclude Include="src\Lune.h" />
    <ClInclude Include="src\Lune\Application.h">
      <Filter>Lune</Filter>
    </ClInclude>
    <ClInclude Include="src\Lune\Core.h">
      <Filter>Lune</Filter>
    </ClInclude>
    <ClInclude Include="src\Lune\EntryPoint.h">
      <Filter>Lune</Filter>
    </ClInclude>
    <ClInclude Include="src\Lune\Log.h">
      <Filter>Lune</Filter>
    </ClInclude>
    <ClInclude Include="src\lnpch.h" />
  </ItemGroup>
  <ItemGroup>
    <ClCompile Include="src\Lune\Application.cpp">
      <Filter>Lune</Filter>
    </ClCompile>
    <ClCompile Include="src\Lune\Log.cpp">
      <Filter>Lune</Filter>
    </ClCompile>
    <ClCompile Include="src\lnpch.cpp" />
  </ItemGroup>
</Project>